
Microsoft Visual Studio Solution File, Format Version 12.00
# Visual Studio Version 16
VisualStudioVersion = 16.0.32802.440
MinimumVisualStudioVersion = 10.0.40219.1
Project("{9A19103F-16F7-4668-BE54-9A1E7A4F7556}") = "APIEntities", "API.Entities\APIEntities.csproj", "{54636A3B-06C3-4E37-8215-8CF528EED43B}"
EndProject
Project("{9A19103F-16F7-4668-BE54-9A1E7A4F7556}") = "APIBusinessLogic", "APIBusinessLogic\APIBusinessLogic.csproj", "{8D1ADEBA-8FEB-4873-839F-2AB357CAF87C}"
EndProject
Project("{9A19103F-16F7-4668-BE54-9A1E7A4F7556}") = "API-ConsoleApplication", "API-ConsoleApplication\API-ConsoleApplication.csproj", "{F20EDE01-0257-49E0-B87B-7907A3642FB5}"
EndProject
Project("{FAE04EC0-301F-11D3-BF4B-00C04F79EFBC}") = "API-WebApplication", "API-WebApplication\API-WebApplication.csproj", "{FCD65B77-15D4-489D-8D55-49B6F42D01B8}"
EndProject
Project("{FAE04EC0-301F-11D3-BF4B-00C04F79EFBC}") = "API.Tests", "API.Tests\API.Tests.csproj", "{823DC90A-E0A0-4571-9D76-CF72591AD3A4}"
EndProject
Global
	GlobalSection(SolutionConfigurationPlatforms) = preSolution
		Debug|Any CPU = Debug|Any CPU
		Release|Any CPU = Release|Any CPU
	EndGlobalSection
	GlobalSection(ProjectConfigurationPlatforms) = postSolution
		{54636A3B-06C3-4E37-8215-8CF528EED43B}.Debug|Any CPU.ActiveCfg = Debug|Any CPU
		{54636A3B-06C3-4E37-8215-8CF528EED43B}.Debug|Any CPU.Build.0 = Debug|Any CPU
		{54636A3B-06C3-4E37-8215-8CF528EED43B}.Release|Any CPU.ActiveCfg = Release|Any CPU
		{54636A3B-06C3-4E37-8215-8CF528EED43B}.Release|Any CPU.Build.0 = Release|Any CPU
		{8D1ADEBA-8FEB-4873-839F-2AB357CAF87C}.Debug|Any CPU.ActiveCfg = Debug|Any CPU
		{8D1ADEBA-8FEB-4873-839F-2AB357CAF87C}.Debug|Any CPU.Build.0 = Debug|Any CPU
		{8D1ADEBA-8FEB-4873-839F-2AB357CAF87C}.Release|Any CPU.ActiveCfg = Release|Any CPU
		{8D1ADEBA-8FEB-4873-839F-2AB357CAF87C}.Release|Any CPU.Build.0 = Release|Any CPU
		{F20EDE01-0257-49E0-B87B-7907A3642FB5}.Debug|Any CPU.ActiveCfg = Debug|Any CPU
		{F20EDE01-0257-49E0-B87B-7907A3642FB5}.Debug|Any CPU.Build.0 = Debug|Any CPU
		{F20EDE01-0257-49E0-B87B-7907A3642FB5}.Release|Any CPU.ActiveCfg = Release|Any CPU
		{F20EDE01-0257-49E0-B87B-7907A3642FB5}.Release|Any CPU.Build.0 = Release|Any CPU
		{FCD65B77-15D4-489D-8D55-49B6F42D01B8}.Debug|Any CPU.ActiveCfg = Debug|Any CPU
		{FCD65B77-15D4-489D-8D55-49B6F42D01B8}.Debug|Any CPU.Build.0 = Debug|Any CPU
		{FCD65B77-15D4-489D-8D55-49B6F42D01B8}.Release|Any CPU.ActiveCfg = Release|Any CPU
		{FCD65B77-15D4-489D-8D55-49B6F42D01B8}.Release|Any CPU.Build.0 = Release|Any CPU
		{823DC90A-E0A0-4571-9D76-CF72591AD3A4}.Debug|Any CPU.ActiveCfg = Debug|Any CPU
		{823DC90A-E0A0-4571-9D76-CF72591AD3A4}.Debug|Any CPU.Build.0 = Debug|Any CPU
		{823DC90A-E0A0-4571-9D76-CF72591AD3A4}.Release|Any CPU.ActiveCfg = Release|Any CPU
		{823DC90A-E0A0-4571-9D76-CF72591AD3A4}.Release|Any CPU.Build.0 = Release|Any CPU
	EndGlobalSection
	GlobalSection(SolutionProperties) = preSolution
		HideSolutionNode = FALSE
	EndGlobalSection
	GlobalSection(ExtensibilityGlobals) = postSolution
		SolutionGuid = {225C1389-2D11-43E3-942E-10729769B9C7}
	EndGlobalSection
EndGlobal
